
Microsoft Visual Studio Solution File, Format Version 12.00
# Visual Studio Version 17
VisualStudioVersion = 17.7.34031.279
MinimumVisualStudioVersion = 10.0.40219.1
Project("{FAE04EC0-301F-11D3-BF4B-00C04F79EFBC}") = "10 2", "10 2\10 2.csproj", "{525223B4-8378-4EE0-A6DF-D126D34BFABA}"
EndProject
Global
	GlobalSection(SolutionConfigurationPlatforms) = preSolution
		Debug|Any CPU = Debug|Any CPU
		Release|Any CPU = Release|Any CPU
	EndGlobalSection
	GlobalSection(ProjectConfigurationPlatforms) = postSolution
		{525223B4-8378-4EE0-A6DF-D126D34BFABA}.Debug|Any CPU.ActiveCfg = Debug|Any CPU
		{525223B4-8378-4EE0-A6DF-D126D34BFABA}.Debug|Any CPU.Build.0 = Debug|Any CPU
		{525223B4-8378-4EE0-A6DF-D126D34BFABA}.Release|Any CPU.ActiveCfg = Release|Any CPU
		{525223B4-8378-4EE0-A6DF-D126D34BFABA}.Release|Any CPU.Build.0 = Release|Any CPU
	EndGlobalSection
	GlobalSection(SolutionProperties) = preSolution
		HideSolutionNode = FALSE
	EndGlobalSection
	GlobalSection(ExtensibilityGlobals) = postSolution
		SolutionGuid = {5CC0E16A-C7FA-4CD4-BD8C-1207B69749B9}
	EndGlobalSection
EndGlobal
